
Microsoft Visual Studio Solution File, Format Version 12.00
# Visual Studio Version 17
VisualStudioVersion = 17.10.34916.146
MinimumVisualStudioVersion = 10.0.40219.1
Project("{9A19103F-16F7-4668-BE54-9A1E7A4F7556}") = "StudentsAPI", "StudentsAPI.csproj", "{49745C9F-9FE4-44FA-A246-4D3253B1375B}"
EndProject
Project("{FAE04EC0-301F-11D3-BF4B-00C04F79EFBC}") = "StudentApiBusinessLayer", "..\StudentApiBusinessLayer\StudentApiBusinessLayer.csproj", "{9EC9F526-A7F2-4126-B562-1F7FEE6F21CF}"
EndProject
Project("{FAE04EC0-301F-11D3-BF4B-00C04F79EFBC}") = "StudentDataAccessLayer", "..\StudentDataAccessLayer\StudentDataAccessLayer.csproj", "{7FFBAA0E-E403-41D4-ABCF-EB8F5FD4E21B}"
EndProject
Global
	GlobalSection(SolutionConfigurationPlatforms) = preSolution
		Debug|Any CPU = Debug|Any CPU
		Release|Any CPU = Release|Any CPU
	EndGlobalSection
	GlobalSection(ProjectConfigurationPlatforms) = postSolution
		{49745C9F-9FE4-44FA-A246-4D3253B1375B}.Debug|Any CPU.ActiveCfg = Debug|Any CPU
		{49745C9F-9FE4-44FA-A246-4D3253B1375B}.Debug|Any CPU.Build.0 = Debug|Any CPU
		{49745C9F-9FE4-44FA-A246-4D3253B1375B}.Release|Any CPU.ActiveCfg = Release|Any CPU
		{49745C9F-9FE4-44FA-A246-4D3253B1375B}.Release|Any CPU.Build.0 = Release|Any CPU
		{9EC9F526-A7F2-4126-B562-1F7FEE6F21CF}.Debug|Any CPU.ActiveCfg = Debug|Any CPU
		{9EC9F526-A7F2-4126-B562-1F7FEE6F21CF}.Debug|Any CPU.Build.0 = Debug|Any CPU
		{9EC9F526-A7F2-4126-B562-1F7FEE6F21CF}.Release|Any CPU.ActiveCfg = Release|Any CPU
		{9EC9F526-A7F2-4126-B562-1F7FEE6F21CF}.Release|Any CPU.Build.0 = Release|Any CPU
		{7FFBAA0E-E403-41D4-ABCF-EB8F5FD4E21B}.Debug|Any CPU.ActiveCfg = Debug|Any CPU
		{7FFBAA0E-E403-41D4-ABCF-EB8F5FD4E21B}.Debug|Any CPU.Build.0 = Debug|Any CPU
		{7FFBAA0E-E403-41D4-ABCF-EB8F5FD4E21B}.Release|Any CPU.ActiveCfg = Release|Any CPU
		{7FFBAA0E-E403-41D4-ABCF-EB8F5FD4E21B}.Release|Any CPU.Build.0 = Release|Any CPU
	EndGlobalSection
	GlobalSection(SolutionProperties) = preSolution
		HideSolutionNode = FALSE
	EndGlobalSection
	GlobalSection(ExtensibilityGlobals) = postSolution
		SolutionGuid = {EA594F5C-0BF8-4929-A6EE-847EADB1CC14}
	EndGlobalSection
EndGlobal
